
Microsoft Visual Studio Solution File, Format Version 12.00
# Visual Studio Version 16
VisualStudioVersion = 16.0.31205.134
MinimumVisualStudioVersion = 10.0.40219.1
Project("{FAE04EC0-301F-11D3-BF4B-00C04F79EFBC}") = "week14Lab", "week14Lab\week14Lab.csproj", "{5D37B9F0-6E82-4B79-823A-B069D417421B}"
EndProject
Global
	GlobalSection(SolutionConfigurationPlatforms) = preSolution
		Debug|Any CPU = Debug|Any CPU
		Release|Any CPU = Release|Any CPU
	EndGlobalSection
	GlobalSection(ProjectConfigurationPlatforms) = postSolution
		{5D37B9F0-6E82-4B79-823A-B069D417421B}.Debug|Any CPU.ActiveCfg = Debug|Any CPU
		{5D37B9F0-6E82-4B79-823A-B069D417421B}.Debug|Any CPU.Build.0 = Debug|Any CPU
		{5D37B9F0-6E82-4B79-823A-B069D417421B}.Release|Any CPU.ActiveCfg = Release|Any CPU
		{5D37B9F0-6E82-4B79-823A-B069D417421B}.Release|Any CPU.Build.0 = Release|Any CPU
	EndGlobalSection
	GlobalSection(SolutionProperties) = preSolution
		HideSolutionNode = FALSE
	EndGlobalSection
	GlobalSection(ExtensibilityGlobals) = postSolution
		SolutionGuid = {A3F0015C-D890-4511-A84D-E13EF5AAD9AC}
	EndGlobalSection
EndGlobal
